// !$*UTF8*$!
{
	archiveVersion = 1;
	classes = {
	};
	objectVersion = 50;
	objects = {

/* Begin PBXBuildFile section */
		8DD453A324936BCC00E677EF /* AppDelegate.swift in Sources */ = {isa = PBXBuildFile; fileRef = 8DD453A224936BCC00E677EF /* AppDelegate.swift */; };
		8DD453A524936BCC00E677EF /* SceneDelegate.swift in Sources */ = {isa = PBXBuildFile; fileRef = 8DD453A424936BCC00E677EF /* SceneDelegate.swift */; };
		8DD453A724936BCC00E677EF /* ViewController.swift in Sources */ = {isa = PBXBuildFile; fileRef = 8DD453A624936BCC00E677EF /* ViewController.swift */; };
		8DD453AA24936BCC00E677EF /* Main.storyboard in Resources */ = {isa = PBXBuildFile; fileRef = 8DD453A824936BCC00E677EF /* Main.storyboard */; };
		8DD453AC24936BCD00E677EF /* Assets.xcassets in Resources */ = {isa = PBXBuildFile; fileRef = 8DD453AB24936BCD00E677EF /* Assets.xcassets */; };
		8DD453AF24936BCD00E677EF /* LaunchScreen.storyboard in Resources */ = {isa = PBXBuildFile; fileRef = 8DD453AD24936BCD00E677EF /* LaunchScreen.storyboard */; };
		8DD453B724936C7900E677EF /* CupheadView.swift in Sources */ = {isa = PBXBuildFile; fileRef = 8DD453B624936C7900E677EF /* CupheadView.swift */; };
/* End PBXBuildFile section */

/* Begin PBXFileReference section */
		8DD4539F24936BCC00E677EF /* UIBezierPathLesson.app */ = {isa = PBXFileReference; explicitFileType = wrapper.application; includeInIndex = 0; path = UIBezierPathLesson.app; sourceTree = BUILT_PRODUCTS_DIR; };
		8DD453A224936BCC00E677EF /* AppDelegate.swift */ = {isa = PBXFileReference; lastKnownFileType = sourcecode.swift; path = AppDelegate.swift; sourceTree = "<group>"; };
		8DD453A424936BCC00E677EF /* SceneDelegate.swift */ = {isa = PBXFileReference; lastKnownFileType = sourcecode.swift; path = SceneDelegate.swift; sourceTree = "<group>"; };
		8DD453A624936BCC00E677EF /* ViewController.swift */ = {isa = PBXFileReference; lastKnownFileType = sourcecode.swift; path = ViewController.swift; sourceTree = "<group>"; };
		8DD453A924936BCC00E677EF /* Base */ = {isa = PBXFileReference; lastKnownFileType = file.storyboard; name = Base; path = Base.lproj/Main.storyboard; sourceTree = "<group>"; };
		8DD453AB24936BCD00E677EF /* Assets.xcassets */ = {isa = PBXFileReference; lastKnownFileType = folder.assetcatalog; path = Assets.xcassets; sourceTree = "<group>"; };
		8DD453AE24936BCD00E677EF /* Base */ = {isa = PBXFileReference; lastKnownFileType = file.storyboard; name = Base; path = Base.lproj/LaunchScreen.storyboard; sourceTree = "<group>"; };
		8DD453B024936BCD00E677EF /* Info.plist */ = {isa = PBXFileReference; lastKnownFileType = text.plist.xml; path = Info.plist; sourceTree = "<group>"; };
		8DD453B624936C7900E677EF /* CupheadView.swift */ = {isa = PBXFileReference; lastKnownFileType = sourcecode.swift; path = CupheadView.swift; sourceTree = "<group>"; };
/* End PBXFileReference section */

/* Begin PBXFrameworksBuildPhase section */
		8DD4539C24936BCC00E677EF /* Frameworks */ = {
			isa = PBXFrameworksBuildPhase;
			buildActionMask = 2147483647;
			files = (
			);
			runOnlyForDeploymentPostprocessing = 0;
		};
/* End PBXFrameworksBuildPhase section */

/* Begin PBXGroup section */
		8DD4539624936BCC00E677EF = {
			isa = PBXGroup;
			children = (
				8DD453A124936BCC00E677EF /* UIBezierPathLesson */,
				8DD453A024936BCC00E677EF /* Products */,
			);
			sourceTree = "<group>";
		};
		8DD453A024936BCC00E677EF /* Products */ = {
			isa = PBXGroup;
			children = (
				8DD4539F24936BCC00E677EF /* UIBezierPathLesson.app */,
			);
			name = Products;
			sourceTree = "<group>";
		};
		8DD453A124936BCC00E677EF /* UIBezierPathLesson */ = {
			isa = PBXGroup;
			children = (
				8DD453A224936BCC00E677EF /* AppDelegate.swift */,
				8DD453A424936BCC00E677EF /* SceneDelegate.swift */,
				8DD453A624936BCC00E677EF /* ViewController.swift */,
				8DD453A824936BCC00E677EF /* Main.storyboard */,
				8DD453AB24936BCD00E677EF /* Assets.xcassets */,
				8DD453AD24936BCD00E677EF /* LaunchScreen.storyboard */,
				8DD453B024936BCD00E677EF /* Info.plist */,
				8DD453B624936C7900E677EF /* CupheadView.swift */,
			);
			path = UIBezierPathLesson;
			sourceTree = "<group>";
		};
/* End PBXGroup section */

/* Begin PBXNativeTarget section */
		8DD4539E24936BCC00E677EF /* UIBezierPathLesson */ = {
			isa = PBXNativeTarget;
			buildConfigurationList = 8DD453B324936BCD00E677EF /* Build configuration list for PBXNativeTarget "UIBezierPathLesson" */;
			buildPhases = (
				8DD4539B24936BCC00E677EF /* Sources */,
				8DD4539C24936BCC00E677EF /* Frameworks */,
				8DD4539D24936BCC00E677EF /* Resources */,
			);
			buildRules = (
			);
			dependencies = (
			);
			name = UIBezierPathLesson;
			productName = UIBezierPathLesson;
			productReference = 8DD4539F24936BCC00E677EF /* UIBezierPathLesson.app */;
			productType = "com.apple.product-type.application";
		};
/* End PBXNativeTarget section */

/* Begin PBXProject section */
		8DD4539724936BCC00E677EF /* Project object */ = {
			isa = PBXProject;
			attributes = {
				LastSwiftUpdateCheck = 1150;
				LastUpgradeCheck = 1150;
				ORGANIZATIONNAME = AlexAlmostEngineer;
				TargetAttributes = {
					8DD4539E24936BCC00E677EF = {
						CreatedOnToolsVersion = 11.5;
					};
				};
			};
			buildConfigurationList = 8DD4539A24936BCC00E677EF /* Build configuration list for PBXProject "UIBezierPathLesson" */;
			compatibilityVersion = "Xcode 9.3";
			developmentRegion = en;
			hasScannedForEncodings = 0;
			knownRegions = (
				en,
				Base,
			);
			mainGroup = 8DD4539624936BCC00E677EF;
			productRefGroup = 8DD453A024936BCC00E677EF /* Products */;
			projectDirPath = "";
			projectRoot = "";
			targets = (
				8DD4539E24936BCC00E677EF /* UIBezierPathLesson */,
			);
		};
/* End PBXProject section */

/* Begin PBXResourcesBuildPhase section */
		8DD4539D24936BCC00E677EF /* Resources */ = {
			isa = PBXResourcesBuildPhase;
			buildActionMask = 2147483647;
			files = (
				8DD453AF24936BCD00E677EF /* LaunchScreen.storyboard in Resources */,
				8DD453AC24936BCD00E677EF /* Assets.xcassets in Resources */,
				8DD453AA24936BCC00E677EF /* Main.storyboard in Resources */,
			);
			runOnlyForDeploymentPostprocessing = 0;
		};
/* End PBXResourcesBuildPhase section */

/* Begin PBXSourcesBuildPhase section */
		8DD4539B24936BCC00E677EF /* Sources */ = {
			isa = PBXSourcesBuildPhase;
			buildActionMask = 2147483647;
			files = (
				8DD453A724936BCC00E677EF /* ViewController.swift in Sources */,
				8DD453B724936C7900E677EF /* CupheadView.swift in Sources */,
				8DD453A324936BCC00E677EF /* AppDelegate.swift in Sources */,
				8DD453A524936BCC00E677EF /* SceneDelegate.swift in Sources */,
			);
			runOnlyForDeploymentPostprocessing = 0;
		};
/* End PBXSourcesBuildPhase section */

/* Begin PBXVariantGroup section */
		8DD453A824936BCC00E677EF /* Main.storyboard */ = {
			isa = PBXVariantGroup;
			children = (
				8DD453A924936BCC00E677EF /* Base */,
			);
			name = Main.storyboard;
			sourceTree = "<group>";
		};
		8DD453AD24936BCD00E677EF /* LaunchScreen.storyboard */ = {
			isa = PBXVariantGroup;
			children = (
				8DD453AE24936BCD00E677EF /* Base */,
			);
			name = LaunchScreen.storyboard;
			sourceTree = "<group>";
		};
/* End PBXVariantGroup section */

/* Begin XCBuildConfiguration section */
		8DD453B124936BCD00E677EF /* Debug */ = {
			isa = XCBuildConfiguration;
			buildSettings = {
				ALWAYS_SEARCH_USER_PATHS = NO;
				CLANG_ANALYZER_NONNULL = YES;
				CLANG_ANALYZER_NUMBER_OBJECT_CONVERSION = YES_AGGRESSIVE;
				CLANG_CXX_LANGUAGE_STANDARD = "gnu++14";
				CLANG_CXX_LIBRARY = "libc++";
				CLANG_ENABLE_MODULES = YES;
				CLANG_ENABLE_OBJC_ARC = YES;
				CLANG_ENABLE_OBJC_WEAK = YES;
				CLANG_WARN_BLOCK_CAPTURE_AUTORELEASING = YES;
				CLANG_WARN_BOOL_CONVERSION = YES;
				CLANG_WARN_COMMA = YES;
				CLANG_WARN_CONSTANT_CONVERSION = YES;
				CLANG_WARN_DEPRECATED_OBJC_IMPLEMENTATIONS = YES;
				CLANG_WARN_DIRECT_OBJC_ISA_USAGE = YES_ERROR;
				CLANG_WARN_DOCUMENTATION_COMMENTS = YES;
				CLANG_WARN_EMPTY_BODY = YES;
				CLANG_WARN_ENUM_CONVERSION = YES;
				CLANG_WARN_INFINITE_RECURSION = YES;
				CLANG_WARN_INT_CONVERSION = YES;
				CLANG_WARN_NON_LITERAL_NULL_CONVERSION = YES;
				CLANG_WARN_OBJC_IMPLICIT_RETAIN_SELF = YES;
				CLANG_WARN_OBJC_LITERAL_CONVERSION = YES;
				CLANG_WARN_OBJC_ROOT_CLASS = YES_ERROR;
				CLANG_WARN_RANGE_LOOP_ANALYSIS = YES;
				CLANG_WARN_STRICT_PROTOTYPES = YES;
				CLANG_WARN_SUSPICIOUS_MOVE = YES;
				CLANG_WARN_UNGUARDED_AVAILABILITY = YES_AGGRESSIVE;
				CLANG_WARN_UNREACHABLE_CODE = YES;
				CLANG_WARN__DUPLICATE_METHOD_MATCH = YES;
				COPY_PHASE_STRIP = NO;
				DEBUG_INFORMATION_FORMAT = dwarf;
				ENABLE_STRICT_OBJC_MSGSEND = YES;
				ENABLE_TESTABILITY = YES;
				GCC_C_LANGUAGE_STANDARD = gnu11;
				GCC_DYNAMIC_NO_PIC = NO;
				GCC_NO_COMMON_BLOCKS = YES;
				GCC_OPTIMIZATION_LEVEL = 0;
				GCC_PREPROCESSOR_DEFINITIONS = (
					"DEBUG=1",
					"$(inherited)",
				);
				GCC_WARN_64_TO_32_BIT_CONVERSION = YES;
				GCC_WARN_ABOUT_RETURN_TYPE = YES_ERROR;
				GCC_WARN_UNDECLARED_SELECTOR = YES;
				GCC_WARN_UNINITIALIZED_AUTOS = YES_AGGRESSIVE;
				GCC_WARN_UNUSED_FUNCTION = YES;
				GCC_WARN_UNUSED_VARIABLE = YES;
				IPHONEOS_DEPLOYMENT_TARGET = 13.5;
				MTL_ENABLE_DEBUG_INFO = INCLUDE_SOURCE;
				MTL_FAST_MATH = YES;
				ONLY_ACTIVE_ARCH = YES;
				SDKROOT = iphoneos;
				SWIFT_ACTIVE_COMPILATION_CONDITIONS = DEBUG;
				SWIFT_OPTIMIZATION_LEVEL = "-Onone";
			};
			name = Debug;
		};
		8DD453B224936BCD00E677EF /* Release */ = {
			isa = XCBuildConfiguration;
			buildSettings = {
				ALWAYS_SEARCH_USER_PATHS = NO;
				CLANG_ANALYZER_NONNULL = YES;
				CLANG_ANALYZER_NUMBER_OBJECT_CONVERSION = YES_AGGRESSIVE;
				CLANG_CXX_LANGUAGE_STANDARD = "gnu++14";
				CLANG_CXX_LIBRARY = "libc++";
				CLANG_ENABLE_MODULES = YES;
				CLANG_ENABLE_OBJC_ARC = YES;
				CLANG_ENABLE_OBJC_WEAK = YES;
				CLANG_WARN_BLOCK_CAPTURE_AUTORELEASING = YES;
				CLANG_WARN_BOOL_CONVERSION = YES;
				CLANG_WARN_COMMA = YES;
				CLANG_WARN_CONSTANT_CONVERSION = YES;
				CLANG_WARN_DEPRECATED_OBJC_IMPLEMENTATIONS = YES;
				CLANG_WARN_DIRECT_OBJC_ISA_USAGE = YES_ERROR;
				CLANG_WARN_DOCUMENTATION_COMMENTS = YES;
				CLANG_WARN_EMPTY_BODY = YES;
				CLANG_WARN_ENUM_CONVERSION = YES;
				CLANG_WARN_INFINITE_RECURSION = YES;
				CLANG_WARN_INT_CONVERSION = YES;
				CLANG_WARN_NON_LITERAL_NULL_CONVERSION = YES;
				CLANG_WARN_OBJC_IMPLICIT_RETAIN_SELF = YES;
				CLANG_WARN_OBJC_LITERAL_CONVERSION = YES;
				CLANG_WARN_OBJC_ROOT_CLASS = YES_ERROR;
				CLANG_WARN_RANGE_LOOP_ANALYSIS = YES;
				CLANG_WARN_STRICT_PROTOTYPES = YES;
				CLANG_WARN_SUSPICIOUS_MOVE = YES;
				CLANG_WARN_UNGUARDED_AVAILABILITY = YES_AGGRESSIVE;
				CLANG_WARN_UNREACHABLE_CODE = YES;
				CLANG_WARN__DUPLICATE_METHOD_MATCH = YES;
				COPY_PHASE_STRIP = NO;
				DEBUG_INFORMATION_FORMAT = "dwarf-with-dsym";
				ENABLE_NS_ASSERTIONS = NO;
				ENABLE_STRICT_OBJC_MSGSEND = YES;
				GCC_C_LANGUAGE_STANDARD = gnu11;
				GCC_NO_COMMON_BLOCKS = YES;
				GCC_WARN_64_TO_32_BIT_CONVERSION = YES;
				GCC_WARN_ABOUT_RETURN_TYPE = YES_ERROR;
				GCC_WARN_UNDECLARED_SELECTOR = YES;
				GCC_WARN_UNINITIALIZED_AUTOS = YES_AGGRESSIVE;
				GCC_WARN_UNUSED_FUNCTION = YES;
				GCC_WARN_UNUSED_VARIABLE = YES;
				IPHONEOS_DEPLOYMENT_TARGET = 13.5;
				MTL_ENABLE_DEBUG_INFO = NO;
				MTL_FAST_MATH = YES;
				SDKROOT = iphoneos;
				SWIFT_COMPILATION_MODE = wholemodule;
				SWIFT_OPTIMIZATION_LEVEL = "-O";
				VALIDATE_PRODUCT = YES;
			};
			name = Release;
		};
		8DD453B424936BCD00E677EF /* Debug */ = {
			isa = XCBuildConfiguration;
			buildSettings = {
				ASSETCATALOG_COMPILER_APPICON_NAME = AppIcon;
				CODE_SIGN_STYLE = Automatic;
				DEVELOPMENT_TEAM = WUJDW64U79;
				INFOPLIST_FILE = UIBezierPathLesson/Info.plist;
				LD_RUNPATH_SEARCH_PATHS = (
					"$(inherited)",
					"@executable_path/Frameworks",
				);
				PRODUCT_BUNDLE_IDENTIFIER = AlexAlmostEngineer.UIBezierPathLesson;
				PRODUCT_NAME = "$(TARGET_NAME)";
				SWIFT_VERSION = 5.0;
				TARGETED_DEVICE_FAMILY = "1,2";
			};
			name = Debug;
		};
		8DD453B524936BCD00E677EF /* Release */ = {
			isa = XCBuildConfiguration;
			buildSettings = {
				ASSETCATALOG_COMPILER_APPICON_NAME = AppIcon;
				CODE_SIGN_STYLE = Automatic;
				DEVELOPMENT_TEAM = WUJDW64U79;
				INFOPLIST_FILE = UIBezierPathLesson/Info.plist;
				LD_RUNPATH_SEARCH_PATHS = (
					"$(inherited)",
					"@executable_path/Frameworks",
				);
				PRODUCT_BUNDLE_IDENTIFIER = AlexAlmostEngineer.UIBezierPathLesson;
				PRODUCT_NAME = "$(TARGET_NAME)";
				SWIFT_VERSION = 5.0;
				TARGETED_DEVICE_FAMILY = "1,2";
			};
			name = Release;
		};
/* End XCBuildConfiguration section */

/* Begin XCConfigurationList section */
		8DD4539A24936BCC00E677EF /* Build configuration list for PBXProject "UIBezierPathLesson" */ = {
			isa = XCConfigurationList;
			buildConfigurations = (
				8DD453B124936BCD00E677EF /* Debug */,
				8DD453B224936BCD00E677EF /* Release */,
			);
			defaultConfigurationIsVisible = 0;
			defaultConfigurationName = Release;
		};
		8DD453B324936BCD00E677EF /* Build configuration list for PBXNativeTarget "UIBezierPathLesson" */ = {
			isa = XCConfigurationList;
			buildConfigurations = (
				8DD453B424936BCD00E677EF /* Debug */,
				8DD453B524936BCD00E677EF /* Release */,
			);
			defaultConfigurationIsVisible = 0;
			defaultConfigurationName = Release;
		};
/* End XCConfigurationList section */
	};
	rootObject = 8DD4539724936BCC00E677EF /* Project object */;
}
